
Microsoft Visual Studio Solution File, Format Version 12.00
# Visual Studio Version 16
VisualStudioVersion = 16.0.29009.5
MinimumVisualStudioVersion = 10.0.40219.1
Project("{FAE04EC0-301F-11D3-BF4B-00C04F79EFBC}") = "Drill 16 Void Methods", "Drill 16 Void Methods\Drill 16 Void Methods.csproj", "{88E607C1-AA99-4C6F-8363-970A623D3D64}"
EndProject
Global
	GlobalSection(SolutionConfigurationPlatforms) = preSolution
		Debug|Any CPU = Debug|Any CPU
		Release|Any CPU = Release|Any CPU
	EndGlobalSection
	GlobalSection(ProjectConfigurationPlatforms) = postSolution
		{88E607C1-AA99-4C6F-8363-970A623D3D64}.Debug|Any CPU.ActiveCfg = Debug|Any CPU
		{88E607C1-AA99-4C6F-8363-970A623D3D64}.Debug|Any CPU.Build.0 = Debug|Any CPU
		{88E607C1-AA99-4C6F-8363-970A623D3D64}.Release|Any CPU.ActiveCfg = Release|Any CPU
		{88E607C1-AA99-4C6F-8363-970A623D3D64}.Release|Any CPU.Build.0 = Release|Any CPU
	EndGlobalSection
	GlobalSection(SolutionProperties) = preSolution
		HideSolutionNode = FALSE
	EndGlobalSection
	GlobalSection(ExtensibilityGlobals) = postSolution
		SolutionGuid = {1259A3FB-FEA2-4EAB-BEA1-5FDF004A4D20}
	EndGlobalSection
EndGlobal
