
Microsoft Visual Studio Solution File, Format Version 12.00
# Visual Studio Version 16
VisualStudioVersion = 16.0.29009.5
MinimumVisualStudioVersion = 10.0.40219.1
Project("{FAE04EC0-301F-11D3-BF4B-00C04F79EFBC}") = "Drill 3 Math User Input", "Drill 3 Math User Input\Drill 3 Math User Input.csproj", "{A33A30C4-19CD-4E91-B559-F2CD584144C0}"
EndProject
Global
	GlobalSection(SolutionConfigurationPlatforms) = preSolution
		Debug|Any CPU = Debug|Any CPU
		Release|Any CPU = Release|Any CPU
	EndGlobalSection
	GlobalSection(ProjectConfigurationPlatforms) = postSolution
		{A33A30C4-19CD-4E91-B559-F2CD584144C0}.Debug|Any CPU.ActiveCfg = Debug|Any CPU
		{A33A30C4-19CD-4E91-B559-F2CD584144C0}.Debug|Any CPU.Build.0 = Debug|Any CPU
		{A33A30C4-19CD-4E91-B559-F2CD584144C0}.Release|Any CPU.ActiveCfg = Release|Any CPU
		{A33A30C4-19CD-4E91-B559-F2CD584144C0}.Release|Any CPU.Build.0 = Release|Any CPU
	EndGlobalSection
	GlobalSection(SolutionProperties) = preSolution
		HideSolutionNode = FALSE
	EndGlobalSection
	GlobalSection(ExtensibilityGlobals) = postSolution
		SolutionGuid = {C8B59083-280F-4990-92C0-CC7EBF3779A4}
	EndGlobalSection
EndGlobal
