
Microsoft Visual Studio Solution File, Format Version 12.00
# Visual Studio Version 16
VisualStudioVersion = 16.0.29009.5
MinimumVisualStudioVersion = 10.0.40219.1
Project("{FAE04EC0-301F-11D3-BF4B-00C04F79EFBC}") = "Drill 1 Tech Acad", "Drill 1 Tech Acad\Drill 1 Tech Acad.csproj", "{BD62074E-55FD-4C6F-B80A-B22DB9417F85}"
EndProject
Global
	GlobalSection(SolutionConfigurationPlatforms) = preSolution
		Debug|Any CPU = Debug|Any CPU
		Release|Any CPU = Release|Any CPU
	EndGlobalSection
	GlobalSection(ProjectConfigurationPlatforms) = postSolution
		{BD62074E-55FD-4C6F-B80A-B22DB9417F85}.Debug|Any CPU.ActiveCfg = Debug|Any CPU
		{BD62074E-55FD-4C6F-B80A-B22DB9417F85}.Debug|Any CPU.Build.0 = Debug|Any CPU
		{BD62074E-55FD-4C6F-B80A-B22DB9417F85}.Release|Any CPU.ActiveCfg = Release|Any CPU
		{BD62074E-55FD-4C6F-B80A-B22DB9417F85}.Release|Any CPU.Build.0 = Release|Any CPU
	EndGlobalSection
	GlobalSection(SolutionProperties) = preSolution
		HideSolutionNode = FALSE
	EndGlobalSection
	GlobalSection(ExtensibilityGlobals) = postSolution
		SolutionGuid = {E35E0317-F179-45C7-8497-F11E3696E750}
	EndGlobalSection
EndGlobal
