
Microsoft Visual Studio Solution File, Format Version 12.00
# Visual Studio Version 16
VisualStudioVersion = 16.0.29009.5
MinimumVisualStudioVersion = 10.0.40219.1
Project("{FAE04EC0-301F-11D3-BF4B-00C04F79EFBC}") = "Drill 6 Package Express", "Drill 6 Package Express\Drill 6 Package Express.csproj", "{6265F72A-F81F-4D25-9639-4BB0C571B28D}"
EndProject
Global
	GlobalSection(SolutionConfigurationPlatforms) = preSolution
		Debug|Any CPU = Debug|Any CPU
		Release|Any CPU = Release|Any CPU
	EndGlobalSection
	GlobalSection(ProjectConfigurationPlatforms) = postSolution
		{6265F72A-F81F-4D25-9639-4BB0C571B28D}.Debug|Any CPU.ActiveCfg = Debug|Any CPU
		{6265F72A-F81F-4D25-9639-4BB0C571B28D}.Debug|Any CPU.Build.0 = Debug|Any CPU
		{6265F72A-F81F-4D25-9639-4BB0C571B28D}.Release|Any CPU.ActiveCfg = Release|Any CPU
		{6265F72A-F81F-4D25-9639-4BB0C571B28D}.Release|Any CPU.Build.0 = Release|Any CPU
	EndGlobalSection
	GlobalSection(SolutionProperties) = preSolution
		HideSolutionNode = FALSE
	EndGlobalSection
	GlobalSection(ExtensibilityGlobals) = postSolution
		SolutionGuid = {7C7FCC52-130E-4651-8785-CE9B5A72F329}
	EndGlobalSection
EndGlobal
