
Microsoft Visual Studio Solution File, Format Version 12.00
# Visual Studio Version 16
VisualStudioVersion = 16.0.29009.5
MinimumVisualStudioVersion = 10.0.40219.1
Project("{FAE04EC0-301F-11D3-BF4B-00C04F79EFBC}") = "Drill 10 Arrays and lists", "Drill 10 Arrays and lists\Drill 10 Arrays and lists.csproj", "{7866D296-760D-4F89-9D73-7506BD5691F0}"
EndProject
Global
	GlobalSection(SolutionConfigurationPlatforms) = preSolution
		Debug|Any CPU = Debug|Any CPU
		Release|Any CPU = Release|Any CPU
	EndGlobalSection
	GlobalSection(ProjectConfigurationPlatforms) = postSolution
		{7866D296-760D-4F89-9D73-7506BD5691F0}.Debug|Any CPU.ActiveCfg = Debug|Any CPU
		{7866D296-760D-4F89-9D73-7506BD5691F0}.Debug|Any CPU.Build.0 = Debug|Any CPU
		{7866D296-760D-4F89-9D73-7506BD5691F0}.Release|Any CPU.ActiveCfg = Release|Any CPU
		{7866D296-760D-4F89-9D73-7506BD5691F0}.Release|Any CPU.Build.0 = Release|Any CPU
	EndGlobalSection
	GlobalSection(SolutionProperties) = preSolution
		HideSolutionNode = FALSE
	EndGlobalSection
	GlobalSection(ExtensibilityGlobals) = postSolution
		SolutionGuid = {FD940789-76CD-4896-885D-FC891A13FA07}
	EndGlobalSection
EndGlobal
