
Microsoft Visual Studio Solution File, Format Version 12.00
# Visual Studio Version 16
VisualStudioVersion = 16.0.29009.5
MinimumVisualStudioVersion = 10.0.40219.1
Project("{FAE04EC0-301F-11D3-BF4B-00C04F79EFBC}") = "Drill 24 Structs", "Drill 24 Structs\Drill 24 Structs.csproj", "{37F9177A-5392-4461-B0D2-922C39297571}"
EndProject
Global
	GlobalSection(SolutionConfigurationPlatforms) = preSolution
		Debug|Any CPU = Debug|Any CPU
		Release|Any CPU = Release|Any CPU
	EndGlobalSection
	GlobalSection(ProjectConfigurationPlatforms) = postSolution
		{37F9177A-5392-4461-B0D2-922C39297571}.Debug|Any CPU.ActiveCfg = Debug|Any CPU
		{37F9177A-5392-4461-B0D2-922C39297571}.Debug|Any CPU.Build.0 = Debug|Any CPU
		{37F9177A-5392-4461-B0D2-922C39297571}.Release|Any CPU.ActiveCfg = Release|Any CPU
		{37F9177A-5392-4461-B0D2-922C39297571}.Release|Any CPU.Build.0 = Release|Any CPU
	EndGlobalSection
	GlobalSection(SolutionProperties) = preSolution
		HideSolutionNode = FALSE
	EndGlobalSection
	GlobalSection(ExtensibilityGlobals) = postSolution
		SolutionGuid = {62D9BECA-85D0-402A-A250-A4D5170AAB68}
	EndGlobalSection
EndGlobal
